
Microsoft Visual Studio Solution File, Format Version 12.00
# Visual Studio Version 16
VisualStudioVersion = 16.0.30621.155
MinimumVisualStudioVersion = 10.0.40219.1
Project("{FAE04EC0-301F-11D3-BF4B-00C04F79EFBC}") = "ProducersBank", "ProducersBank\ProducersBank.csproj", "{6B8DEBD8-DBB4-4038-ABE0-1A6BBA4A1A9B}"
EndProject
Project("{840C416C-B8F3-42BC-B0DD-F6BB14C9F8CB}") = "AccountingSystem", "AccountingSystem\AccountingSystem.aiproj", "{48D08E21-20ED-4319-8FD1-19448C5FEDF0}"
EndProject
Global
	GlobalSection(SolutionConfigurationPlatforms) = preSolution
		All|Any CPU = All|Any CPU
		Debug|Any CPU = Debug|Any CPU
		Release|Any CPU = Release|Any CPU
	EndGlobalSection
	GlobalSection(ProjectConfigurationPlatforms) = postSolution
		{6B8DEBD8-DBB4-4038-ABE0-1A6BBA4A1A9B}.All|Any CPU.ActiveCfg = Release|Any CPU
		{6B8DEBD8-DBB4-4038-ABE0-1A6BBA4A1A9B}.All|Any CPU.Build.0 = Release|Any CPU
		{6B8DEBD8-DBB4-4038-ABE0-1A6BBA4A1A9B}.Debug|Any CPU.ActiveCfg = Debug|Any CPU
		{6B8DEBD8-DBB4-4038-ABE0-1A6BBA4A1A9B}.Debug|Any CPU.Build.0 = Debug|Any CPU
		{6B8DEBD8-DBB4-4038-ABE0-1A6BBA4A1A9B}.Release|Any CPU.ActiveCfg = Release|Any CPU
		{6B8DEBD8-DBB4-4038-ABE0-1A6BBA4A1A9B}.Release|Any CPU.Build.0 = Release|Any CPU
		{48D08E21-20ED-4319-8FD1-19448C5FEDF0}.All|Any CPU.ActiveCfg = DefaultBuild
		{48D08E21-20ED-4319-8FD1-19448C5FEDF0}.Debug|Any CPU.ActiveCfg = DefaultBuild
		{48D08E21-20ED-4319-8FD1-19448C5FEDF0}.Release|Any CPU.ActiveCfg = DefaultBuild
	EndGlobalSection
	GlobalSection(SolutionProperties) = preSolution
		HideSolutionNode = FALSE
	EndGlobalSection
	GlobalSection(ExtensibilityGlobals) = postSolution
		SolutionGuid = {4D54A3F8-2107-4D0B-AC62-DBBFF92470C3}
	EndGlobalSection
EndGlobal
